
Microsoft Visual Studio Solution File, Format Version 12.00
# Visual Studio Version 17
VisualStudioVersion = 17.2.32526.322
MinimumVisualStudioVersion = 10.0.40219.1
Project("{9A19103F-16F7-4668-BE54-9A1E7A4F7556}") = "FindMyPG", "FindMyPG\FindMyPG.csproj", "{57D8E8C7-D3A1-4F48-803E-2430F1454E03}"
EndProject
Project("{2150E333-8FDC-42A3-9474-1A3956D46DE8}") = "API", "API", "{2202BBCE-7D63-44E1-A9D5-BD718C0D66AC}"
EndProject
Project("{2150E333-8FDC-42A3-9474-1A3956D46DE8}") = "Libraries", "Libraries", "{7D304617-32C4-4481-B60D-3525F849D249}"
EndProject
Project("{9A19103F-16F7-4668-BE54-9A1E7A4F7556}") = "FindMyPG.Core", "FindMyPG.Core\FindMyPG.Core.csproj", "{716A2FB1-764D-474E-80BF-FC9C6DD8EBC5}"
EndProject
Project("{9A19103F-16F7-4668-BE54-9A1E7A4F7556}") = "FindMyPG.Service", "FindMyPG.Service\FindMyPG.Service.csproj", "{980B8616-0FD3-4AB0-9C9C-FD3D508A102A}"
EndProject
Project("{9A19103F-16F7-4668-BE54-9A1E7A4F7556}") = "FindMyPG.Data", "FindMyPG.Data\FindMyPG.Data.csproj", "{A3430072-A882-4695-8766-8E38425F5E7D}"
EndProject
Global
	GlobalSection(SolutionConfigurationPlatforms) = preSolution
		Debug|Any CPU = Debug|Any CPU
		Release|Any CPU = Release|Any CPU
	EndGlobalSection
	GlobalSection(ProjectConfigurationPlatforms) = postSolution
		{57D8E8C7-D3A1-4F48-803E-2430F1454E03}.Debug|Any CPU.ActiveCfg = Debug|Any CPU
		{57D8E8C7-D3A1-4F48-803E-2430F1454E03}.Debug|Any CPU.Build.0 = Debug|Any CPU
		{57D8E8C7-D3A1-4F48-803E-2430F1454E03}.Release|Any CPU.ActiveCfg = Release|Any CPU
		{57D8E8C7-D3A1-4F48-803E-2430F1454E03}.Release|Any CPU.Build.0 = Release|Any CPU
		{716A2FB1-764D-474E-80BF-FC9C6DD8EBC5}.Debug|Any CPU.ActiveCfg = Debug|Any CPU
		{716A2FB1-764D-474E-80BF-FC9C6DD8EBC5}.Debug|Any CPU.Build.0 = Debug|Any CPU
		{716A2FB1-764D-474E-80BF-FC9C6DD8EBC5}.Release|Any CPU.ActiveCfg = Release|Any CPU
		{716A2FB1-764D-474E-80BF-FC9C6DD8EBC5}.Release|Any CPU.Build.0 = Release|Any CPU
		{980B8616-0FD3-4AB0-9C9C-FD3D508A102A}.Debug|Any CPU.ActiveCfg = Debug|Any CPU
		{980B8616-0FD3-4AB0-9C9C-FD3D508A102A}.Debug|Any CPU.Build.0 = Debug|Any CPU
		{980B8616-0FD3-4AB0-9C9C-FD3D508A102A}.Release|Any CPU.ActiveCfg = Release|Any CPU
		{980B8616-0FD3-4AB0-9C9C-FD3D508A102A}.Release|Any CPU.Build.0 = Release|Any CPU
		{A3430072-A882-4695-8766-8E38425F5E7D}.Debug|Any CPU.ActiveCfg = Debug|Any CPU
		{A3430072-A882-4695-8766-8E38425F5E7D}.Debug|Any CPU.Build.0 = Debug|Any CPU
		{A3430072-A882-4695-8766-8E38425F5E7D}.Release|Any CPU.ActiveCfg = Release|Any CPU
		{A3430072-A882-4695-8766-8E38425F5E7D}.Release|Any CPU.Build.0 = Release|Any CPU
	EndGlobalSection
	GlobalSection(SolutionProperties) = preSolution
		HideSolutionNode = FALSE
	EndGlobalSection
	GlobalSection(NestedProjects) = preSolution
		{57D8E8C7-D3A1-4F48-803E-2430F1454E03} = {2202BBCE-7D63-44E1-A9D5-BD718C0D66AC}
		{716A2FB1-764D-474E-80BF-FC9C6DD8EBC5} = {7D304617-32C4-4481-B60D-3525F849D249}
		{980B8616-0FD3-4AB0-9C9C-FD3D508A102A} = {7D304617-32C4-4481-B60D-3525F849D249}
		{A3430072-A882-4695-8766-8E38425F5E7D} = {7D304617-32C4-4481-B60D-3525F849D249}
	EndGlobalSection
	GlobalSection(ExtensibilityGlobals) = postSolution
		SolutionGuid = {6D071A89-EA41-48D9-BE40-8CF4CAA9C1D6}
	EndGlobalSection
EndGlobal
